
Microsoft Visual Studio Solution File, Format Version 12.00
# Visual Studio 15
VisualStudioVersion = 15.0.28010.2016
MinimumVisualStudioVersion = 10.0.40219.1
Project("{FAE04EC0-301F-11D3-BF4B-00C04F79EFBC}") = "Essentials", "Essentials\Essentials.csproj", "{CAA15CBD-6B96-4342-9DC8-56CDE34A4FEA}"
EndProject
Global
	GlobalSection(SolutionConfigurationPlatforms) = preSolution
		Debug|Any CPU = Debug|Any CPU
		Release|Any CPU = Release|Any CPU
	EndGlobalSection
	GlobalSection(ProjectConfigurationPlatforms) = postSolution
		{CAA15CBD-6B96-4342-9DC8-56CDE34A4FEA}.Debug|Any CPU.ActiveCfg = Debug|Any CPU
		{CAA15CBD-6B96-4342-9DC8-56CDE34A4FEA}.Debug|Any CPU.Build.0 = Debug|Any CPU
		{CAA15CBD-6B96-4342-9DC8-56CDE34A4FEA}.Release|Any CPU.ActiveCfg = Release|Any CPU
		{CAA15CBD-6B96-4342-9DC8-56CDE34A4FEA}.Release|Any CPU.Build.0 = Release|Any CPU
	EndGlobalSection
	GlobalSection(SolutionProperties) = preSolution
		HideSolutionNode = FALSE
	EndGlobalSection
	GlobalSection(ExtensibilityGlobals) = postSolution
		SolutionGuid = {09FA8DC3-82EF-4CA4-84F8-1ABBA13773D5}
	EndGlobalSection
EndGlobal
